
Microsoft Visual Studio Solution File, Format Version 12.00
# Visual Studio Version 17
VisualStudioVersion = 17.7.34031.279
MinimumVisualStudioVersion = 10.0.40219.1
Project("{FAE04EC0-301F-11D3-BF4B-00C04F79EFBC}") = "MYProfilo", "MYProfilo.csproj", "{BF3BFF9C-1252-486E-8331-C2EF0AD7E58E}"
EndProject
Global
	GlobalSection(SolutionConfigurationPlatforms) = preSolution
		Debug|Any CPU = Debug|Any CPU
		Release|Any CPU = Release|Any CPU
	EndGlobalSection
	GlobalSection(ProjectConfigurationPlatforms) = postSolution
		{BF3BFF9C-1252-486E-8331-C2EF0AD7E58E}.Debug|Any CPU.ActiveCfg = Debug|Any CPU
		{BF3BFF9C-1252-486E-8331-C2EF0AD7E58E}.Debug|Any CPU.Build.0 = Debug|Any CPU
		{BF3BFF9C-1252-486E-8331-C2EF0AD7E58E}.Release|Any CPU.ActiveCfg = Release|Any CPU
		{BF3BFF9C-1252-486E-8331-C2EF0AD7E58E}.Release|Any CPU.Build.0 = Release|Any CPU
	EndGlobalSection
	GlobalSection(SolutionProperties) = preSolution
		HideSolutionNode = FALSE
	EndGlobalSection
	GlobalSection(ExtensibilityGlobals) = postSolution
		SolutionGuid = {3CC3F250-6135-43EB-9F72-5BE07D688C8D}
	EndGlobalSection
EndGlobal
